// !$*UTF8*$!
{
	archiveVersion = 1;
	classes = {
	};
	objectVersion = 46;
	objects = {

/* Begin PBXBuildFile section */
		1A9AA29F1EF1BB2300E13EC4 /* JSON.framework in Frameworks */ = {isa = PBXBuildFile; fileRef = 1ADF29321E96B12B00731CA5 /* JSON.framework */; };
		1ADF29131E96B0C500731CA5 /* AppDelegate.swift in Sources */ = {isa = PBXBuildFile; fileRef = 1ADF29121E96B0C500731CA5 /* AppDelegate.swift */; };
		1ADF29151E96B0C500731CA5 /* ViewController.swift in Sources */ = {isa = PBXBuildFile; fileRef = 1ADF29141E96B0C500731CA5 /* ViewController.swift */; };
		1ADF29181E96B0C500731CA5 /* Main.storyboard in Resources */ = {isa = PBXBuildFile; fileRef = 1ADF29161E96B0C500731CA5 /* Main.storyboard */; };
		1ADF291A1E96B0C500731CA5 /* Assets.xcassets in Resources */ = {isa = PBXBuildFile; fileRef = 1ADF29191E96B0C500731CA5 /* Assets.xcassets */; };
		1ADF291D1E96B0C500731CA5 /* LaunchScreen.storyboard in Resources */ = {isa = PBXBuildFile; fileRef = 1ADF291B1E96B0C500731CA5 /* LaunchScreen.storyboard */; };
		1ADF29281E96B0C500731CA5 /* ExampleJSONTests.swift in Sources */ = {isa = PBXBuildFile; fileRef = 1ADF29271E96B0C500731CA5 /* ExampleJSONTests.swift */; };
		1ADF29331E96B12B00731CA5 /* JSON.framework in Frameworks */ = {isa = PBXBuildFile; fileRef = 1ADF29321E96B12B00731CA5 /* JSON.framework */; };
		1ADF29351E96B3FC00731CA5 /* ClassManager.swift in Sources */ = {isa = PBXBuildFile; fileRef = 1ADF29341E96B3FC00731CA5 /* ClassManager.swift */; };
		1ADF29371E96BED500731CA5 /* JSON.framework in Embed Frameworks */ = {isa = PBXBuildFile; fileRef = 1ADF29321E96B12B00731CA5 /* JSON.framework */; settings = {ATTRIBUTES = (CodeSignOnCopy, RemoveHeadersOnCopy, ); }; };
/* End PBXBuildFile section */

/* Begin PBXContainerItemProxy section */
		1ADF29241E96B0C500731CA5 /* PBXContainerItemProxy */ = {
			isa = PBXContainerItemProxy;
			containerPortal = 1ADF29071E96B0C400731CA5 /* Project object */;
			proxyType = 1;
			remoteGlobalIDString = 1ADF290E1E96B0C400731CA5;
			remoteInfo = ExampleJSON;
		};
/* End PBXContainerItemProxy section */

/* Begin PBXCopyFilesBuildPhase section */
		1ADF29381E96BED500731CA5 /* Embed Frameworks */ = {
			isa = PBXCopyFilesBuildPhase;
			buildActionMask = 2147483647;
			dstPath = "";
			dstSubfolderSpec = 10;
			files = (
				1ADF29371E96BED500731CA5 /* JSON.framework in Embed Frameworks */,
			);
			name = "Embed Frameworks";
			runOnlyForDeploymentPostprocessing = 0;
		};
/* End PBXCopyFilesBuildPhase section */

/* Begin PBXFileReference section */
		1ADF290F1E96B0C400731CA5 /* ExampleJSON.app */ = {isa = PBXFileReference; explicitFileType = wrapper.application; includeInIndex = 0; path = ExampleJSON.app; sourceTree = BUILT_PRODUCTS_DIR; };
		1ADF29121E96B0C500731CA5 /* AppDelegate.swift */ = {isa = PBXFileReference; lastKnownFileType = sourcecode.swift; path = AppDelegate.swift; sourceTree = "<group>"; };
		1ADF29141E96B0C500731CA5 /* ViewController.swift */ = {isa = PBXFileReference; lastKnownFileType = sourcecode.swift; path = ViewController.swift; sourceTree = "<group>"; };
		1ADF29171E96B0C500731CA5 /* Base */ = {isa = PBXFileReference; lastKnownFileType = file.storyboard; name = Base; path = Base.lproj/Main.storyboard; sourceTree = "<group>"; };
		1ADF29191E96B0C500731CA5 /* Assets.xcassets */ = {isa = PBXFileReference; lastKnownFileType = folder.assetcatalog; path = Assets.xcassets; sourceTree = "<group>"; };
		1ADF291C1E96B0C500731CA5 /* Base */ = {isa = PBXFileReference; lastKnownFileType = file.storyboard; name = Base; path = Base.lproj/LaunchScreen.storyboard; sourceTree = "<group>"; };
		1ADF291E1E96B0C500731CA5 /* Info.plist */ = {isa = PBXFileReference; lastKnownFileType = text.plist.xml; path = Info.plist; sourceTree = "<group>"; };
		1ADF29231E96B0C500731CA5 /* ExampleJSONTests.xctest */ = {isa = PBXFileReference; explicitFileType = wrapper.cfbundle; includeInIndex = 0; path = ExampleJSONTests.xctest; sourceTree = BUILT_PRODUCTS_DIR; };
		1ADF29271E96B0C500731CA5 /* ExampleJSONTests.swift */ = {isa = PBXFileReference; lastKnownFileType = sourcecode.swift; path = ExampleJSONTests.swift; sourceTree = "<group>"; };
		1ADF29291E96B0C500731CA5 /* Info.plist */ = {isa = PBXFileReference; lastKnownFileType = text.plist.xml; path = Info.plist; sourceTree = "<group>"; };
		1ADF29321E96B12B00731CA5 /* JSON.framework */ = {isa = PBXFileReference; lastKnownFileType = wrapper.framework; name = JSON.framework; path = ExampleJSON/JSON.framework; sourceTree = "<group>"; };
		1ADF29341E96B3FC00731CA5 /* ClassManager.swift */ = {isa = PBXFileReference; fileEncoding = 4; lastKnownFileType = sourcecode.swift; path = ClassManager.swift; sourceTree = "<group>"; };
		8BE696041F030F2B005A20A4 /* ExampleJSON copy-Info.plist */ = {isa = PBXFileReference; lastKnownFileType = text.plist.xml; name = "ExampleJSON copy-Info.plist"; path = "/Users/brandongray/Dropbox/My Frameworks/JSON Framework/JSON/Example/ExampleJSON/ExampleJSON copy-Info.plist"; sourceTree = "<absolute>"; };
/* End PBXFileReference section */

/* Begin PBXFrameworksBuildPhase section */
		1ADF290C1E96B0C400731CA5 /* Frameworks */ = {
			isa = PBXFrameworksBuildPhase;
			buildActionMask = 2147483647;
			files = (
				1ADF29331E96B12B00731CA5 /* JSON.framework in Frameworks */,
			);
			runOnlyForDeploymentPostprocessing = 0;
		};
		1ADF29201E96B0C500731CA5 /* Frameworks */ = {
			isa = PBXFrameworksBuildPhase;
			buildActionMask = 2147483647;
			files = (
				1A9AA29F1EF1BB2300E13EC4 /* JSON.framework in Frameworks */,
			);
			runOnlyForDeploymentPostprocessing = 0;
		};
/* End PBXFrameworksBuildPhase section */

/* Begin PBXGroup section */
		1ADF29061E96B0C400731CA5 = {
			isa = PBXGroup;
			children = (
				1ADF29321E96B12B00731CA5 /* JSON.framework */,
				1ADF29111E96B0C400731CA5 /* ExampleJSON */,
				1ADF29261E96B0C500731CA5 /* ExampleJSONTests */,
				1ADF29101E96B0C400731CA5 /* Products */,
				8BE696041F030F2B005A20A4 /* ExampleJSON copy-Info.plist */,
			);
			sourceTree = "<group>";
		};
		1ADF29101E96B0C400731CA5 /* Products */ = {
			isa = PBXGroup;
			children = (
				1ADF290F1E96B0C400731CA5 /* ExampleJSON.app */,
				1ADF29231E96B0C500731CA5 /* ExampleJSONTests.xctest */,
			);
			name = Products;
			sourceTree = "<group>";
		};
		1ADF29111E96B0C400731CA5 /* ExampleJSON */ = {
			isa = PBXGroup;
			children = (
				1ADF29121E96B0C500731CA5 /* AppDelegate.swift */,
				1ADF29341E96B3FC00731CA5 /* ClassManager.swift */,
				1ADF29141E96B0C500731CA5 /* ViewController.swift */,
				1ADF29161E96B0C500731CA5 /* Main.storyboard */,
				1ADF29191E96B0C500731CA5 /* Assets.xcassets */,
				1ADF291B1E96B0C500731CA5 /* LaunchScreen.storyboard */,
				1ADF291E1E96B0C500731CA5 /* Info.plist */,
			);
			path = ExampleJSON;
			sourceTree = "<group>";
		};
		1ADF29261E96B0C500731CA5 /* ExampleJSONTests */ = {
			isa = PBXGroup;
			children = (
				1ADF29271E96B0C500731CA5 /* ExampleJSONTests.swift */,
				1ADF29291E96B0C500731CA5 /* Info.plist */,
			);
			path = ExampleJSONTests;
			sourceTree = "<group>";
		};
/* End PBXGroup section */

/* Begin PBXNativeTarget section */
		1ADF290E1E96B0C400731CA5 /* ExampleJSON */ = {
			isa = PBXNativeTarget;
			buildConfigurationList = 1ADF292C1E96B0C500731CA5 /* Build configuration list for PBXNativeTarget "ExampleJSON" */;
			buildPhases = (
				1ADF290B1E96B0C400731CA5 /* Sources */,
				1ADF290C1E96B0C400731CA5 /* Frameworks */,
				1ADF290D1E96B0C400731CA5 /* Resources */,
				1ADF29381E96BED500731CA5 /* Embed Frameworks */,
			);
			buildRules = (
			);
			dependencies = (
			);
			name = ExampleJSON;
			productName = ExampleJSON;
			productReference = 1ADF290F1E96B0C400731CA5 /* ExampleJSON.app */;
			productType = "com.apple.product-type.application";
		};
		1ADF29221E96B0C500731CA5 /* ExampleJSONTests */ = {
			isa = PBXNativeTarget;
			buildConfigurationList = 1ADF292F1E96B0C500731CA5 /* Build configuration list for PBXNativeTarget "ExampleJSONTests" */;
			buildPhases = (
				1ADF291F1E96B0C500731CA5 /* Sources */,
				1ADF29201E96B0C500731CA5 /* Frameworks */,
				1ADF29211E96B0C500731CA5 /* Resources */,
			);
			buildRules = (
			);
			dependencies = (
				1ADF29251E96B0C500731CA5 /* PBXTargetDependency */,
			);
			name = ExampleJSONTests;
			productName = ExampleJSONTests;
			productReference = 1ADF29231E96B0C500731CA5 /* ExampleJSONTests.xctest */;
			productType = "com.apple.product-type.bundle.unit-test";
		};
/* End PBXNativeTarget section */

/* Begin PBXProject section */
		1ADF29071E96B0C400731CA5 /* Project object */ = {
			isa = PBXProject;
			attributes = {
				LastSwiftUpdateCheck = 0820;
				LastUpgradeCheck = 0930;
				ORGANIZATIONNAME = "Brandon Gray";
				TargetAttributes = {
					1ADF290E1E96B0C400731CA5 = {
						CreatedOnToolsVersion = 8.2.1;
						LastSwiftMigration = 0930;
						ProvisioningStyle = Manual;
					};
					1ADF29221E96B0C500731CA5 = {
						CreatedOnToolsVersion = 8.2.1;
						DevelopmentTeam = 5FYJGGB29W;
						LastSwiftMigration = 0930;
						ProvisioningStyle = Automatic;
						TestTargetID = 1ADF290E1E96B0C400731CA5;
					};
				};
			};
			buildConfigurationList = 1ADF290A1E96B0C400731CA5 /* Build configuration list for PBXProject "ExampleJSON" */;
			compatibilityVersion = "Xcode 3.2";
			developmentRegion = English;
			hasScannedForEncodings = 0;
			knownRegions = (
				en,
				Base,
			);
			mainGroup = 1ADF29061E96B0C400731CA5;
			productRefGroup = 1ADF29101E96B0C400731CA5 /* Products */;
			projectDirPath = "";
			projectRoot = "";
			targets = (
				1ADF290E1E96B0C400731CA5 /* ExampleJSON */,
				1ADF29221E96B0C500731CA5 /* ExampleJSONTests */,
			);
		};
/* End PBXProject section */

/* Begin PBXResourcesBuildPhase section */
		1ADF290D1E96B0C400731CA5 /* Resources */ = {
			isa = PBXResourcesBuildPhase;
			buildActionMask = 2147483647;
			files = (
				1ADF291D1E96B0C500731CA5 /* LaunchScreen.storyboard in Resources */,
				1ADF291A1E96B0C500731CA5 /* Assets.xcassets in Resources */,
				1ADF29181E96B0C500731CA5 /* Main.storyboard in Resources */,
			);
			runOnlyForDeploymentPostprocessing = 0;
		};
		1ADF29211E96B0C500731CA5 /* Resources */ = {
			isa = PBXResourcesBuildPhase;
			buildActionMask = 2147483647;
			files = (
			);
			runOnlyForDeploymentPostprocessing = 0;
		};
/* End PBXResourcesBuildPhase section */

/* Begin PBXSourcesBuildPhase section */
		1ADF290B1E96B0C400731CA5 /* Sources */ = {
			isa = PBXSourcesBuildPhase;
			buildActionMask = 2147483647;
			files = (
				1ADF29351E96B3FC00731CA5 /* ClassManager.swift in Sources */,
				1ADF29151E96B0C500731CA5 /* ViewController.swift in Sources */,
				1ADF29131E96B0C500731CA5 /* AppDelegate.swift in Sources */,
			);
			runOnlyForDeploymentPostprocessing = 0;
		};
		1ADF291F1E96B0C500731CA5 /* Sources */ = {
			isa = PBXSourcesBuildPhase;
			buildActionMask = 2147483647;
			files = (
				1ADF29281E96B0C500731CA5 /* ExampleJSONTests.swift in Sources */,
			);
			runOnlyForDeploymentPostprocessing = 0;
		};
/* End PBXSourcesBuildPhase section */

/* Begin PBXTargetDependency section */
		1ADF29251E96B0C500731CA5 /* PBXTargetDependency */ = {
			isa = PBXTargetDependency;
			target = 1ADF290E1E96B0C400731CA5 /* ExampleJSON */;
			targetProxy = 1ADF29241E96B0C500731CA5 /* PBXContainerItemProxy */;
		};
/* End PBXTargetDependency section */

/* Begin PBXVariantGroup section */
		1ADF29161E96B0C500731CA5 /* Main.storyboard */ = {
			isa = PBXVariantGroup;
			children = (
				1ADF29171E96B0C500731CA5 /* Base */,
			);
			name = Main.storyboard;
			sourceTree = "<group>";
		};
		1ADF291B1E96B0C500731CA5 /* LaunchScreen.storyboard */ = {
			isa = PBXVariantGroup;
			children = (
				1ADF291C1E96B0C500731CA5 /* Base */,
			);
			name = LaunchScreen.storyboard;
			sourceTree = "<group>";
		};
/* End PBXVariantGroup section */

/* Begin XCBuildConfiguration section */
		1ADF292A1E96B0C500731CA5 /* Debug */ = {
			isa = XCBuildConfiguration;
			buildSettings = {
				ALWAYS_SEARCH_USER_PATHS = NO;
				CLANG_ANALYZER_NONNULL = YES;
				CLANG_CXX_LANGUAGE_STANDARD = "gnu++0x";
				CLANG_CXX_LIBRARY = "libc++";
				CLANG_ENABLE_MODULES = YES;
				CLANG_ENABLE_OBJC_ARC = YES;
				CLANG_WARN_BLOCK_CAPTURE_AUTORELEASING = YES;
				CLANG_WARN_BOOL_CONVERSION = YES;
				CLANG_WARN_COMMA = YES;
				CLANG_WARN_CONSTANT_CONVERSION = YES;
				CLANG_WARN_DEPRECATED_OBJC_IMPLEMENTATIONS = YES;
				CLANG_WARN_DIRECT_OBJC_ISA_USAGE = YES_ERROR;
				CLANG_WARN_DOCUMENTATION_COMMENTS = YES;
				CLANG_WARN_EMPTY_BODY = YES;
				CLANG_WARN_ENUM_CONVERSION = YES;
				CLANG_WARN_INFINITE_RECURSION = YES;
				CLANG_WARN_INT_CONVERSION = YES;
				CLANG_WARN_NON_LITERAL_NULL_CONVERSION = YES;
				CLANG_WARN_OBJC_IMPLICIT_RETAIN_SELF = YES;
				CLANG_WARN_OBJC_LITERAL_CONVERSION = YES;
				CLANG_WARN_OBJC_ROOT_CLASS = YES_ERROR;
				CLANG_WARN_RANGE_LOOP_ANALYSIS = YES;
				CLANG_WARN_STRICT_PROTOTYPES = YES;
				CLANG_WARN_SUSPICIOUS_MOVE = YES;
				CLANG_WARN_UNREACHABLE_CODE = YES;
				CLANG_WARN__DUPLICATE_METHOD_MATCH = YES;
				CODE_SIGN_IDENTITY = "iPhone Developer";
				"CODE_SIGN_IDENTITY[sdk=iphoneos*]" = "iPhone Developer";
				COPY_PHASE_STRIP = NO;
				DEBUG_INFORMATION_FORMAT = dwarf;
				ENABLE_STRICT_OBJC_MSGSEND = YES;
				ENABLE_TESTABILITY = YES;
				GCC_C_LANGUAGE_STANDARD = gnu99;
				GCC_DYNAMIC_NO_PIC = NO;
				GCC_NO_COMMON_BLOCKS = YES;
				GCC_OPTIMIZATION_LEVEL = 0;
				GCC_PREPROCESSOR_DEFINITIONS = (
					"DEBUG=1",
					"$(inherited)",
				);
				GCC_WARN_64_TO_32_BIT_CONVERSION = YES;
				GCC_WARN_ABOUT_RETURN_TYPE = YES_ERROR;
				GCC_WARN_UNDECLARED_SELECTOR = YES;
				GCC_WARN_UNINITIALIZED_AUTOS = YES_AGGRESSIVE;
				GCC_WARN_UNUSED_FUNCTION = YES;
				GCC_WARN_UNUSED_VARIABLE = YES;
				IPHONEOS_DEPLOYMENT_TARGET = 10.1;
				MTL_ENABLE_DEBUG_INFO = YES;
				ONLY_ACTIVE_ARCH = YES;
				SDKROOT = iphoneos;
				SWIFT_ACTIVE_COMPILATION_CONDITIONS = DEBUG;
				SWIFT_OPTIMIZATION_LEVEL = "-Onone";
				SWIFT_VERSION = 4.0;
				TARGETED_DEVICE_FAMILY = "1,2";
			};
			name = Debug;
		};
		1ADF292B1E96B0C500731CA5 /* Release */ = {
			isa = XCBuildConfiguration;
			buildSettings = {
				ALWAYS_SEARCH_USER_PATHS = NO;
				CLANG_ANALYZER_NONNULL = YES;
				CLANG_CXX_LANGUAGE_STANDARD = "gnu++0x";
				CLANG_CXX_LIBRARY = "libc++";
				CLANG_ENABLE_MODULES = YES;
				CLANG_ENABLE_OBJC_ARC = YES;
				CLANG_WARN_BLOCK_CAPTURE_AUTORELEASING = YES;
				CLANG_WARN_BOOL_CONVERSION = YES;
				CLANG_WARN_COMMA = YES;
				CLANG_WARN_CONSTANT_CONVERSION = YES;
				CLANG_WARN_DEPRECATED_OBJC_IMPLEMENTATIONS = YES;
				CLANG_WARN_DIRECT_OBJC_ISA_USAGE = YES_ERROR;
				CLANG_WARN_DOCUMENTATION_COMMENTS = YES;
				CLANG_WARN_EMPTY_BODY = YES;
				CLANG_WARN_ENUM_CONVERSION = YES;
				CLANG_WARN_INFINITE_RECURSION = YES;
				CLANG_WARN_INT_CONVERSION = YES;
				CLANG_WARN_NON_LITERAL_NULL_CONVERSION = YES;
				CLANG_WARN_OBJC_IMPLICIT_RETAIN_SELF = YES;
				CLANG_WARN_OBJC_LITERAL_CONVERSION = YES;
				CLANG_WARN_OBJC_ROOT_CLASS = YES_ERROR;
				CLANG_WARN_RANGE_LOOP_ANALYSIS = YES;
				CLANG_WARN_STRICT_PROTOTYPES = YES;
				CLANG_WARN_SUSPICIOUS_MOVE = YES;
				CLANG_WARN_UNREACHABLE_CODE = YES;
				CLANG_WARN__DUPLICATE_METHOD_MATCH = YES;
				CODE_SIGN_IDENTITY = "iPhone Developer";
				"CODE_SIGN_IDENTITY[sdk=iphoneos*]" = "iPhone Developer";
				COPY_PHASE_STRIP = NO;
				DEBUG_INFORMATION_FORMAT = "dwarf-with-dsym";
				ENABLE_NS_ASSERTIONS = NO;
				ENABLE_STRICT_OBJC_MSGSEND = YES;
				GCC_C_LANGUAGE_STANDARD = gnu99;
				GCC_NO_COMMON_BLOCKS = YES;
				GCC_WARN_64_TO_32_BIT_CONVERSION = YES;
				GCC_WARN_ABOUT_RETURN_TYPE = YES_ERROR;
				GCC_WARN_UNDECLARED_SELECTOR = YES;
				GCC_WARN_UNINITIALIZED_AUTOS = YES_AGGRESSIVE;
				GCC_WARN_UNUSED_FUNCTION = YES;
				GCC_WARN_UNUSED_VARIABLE = YES;
				IPHONEOS_DEPLOYMENT_TARGET = 10.1;
				MTL_ENABLE_DEBUG_INFO = NO;
				SDKROOT = iphoneos;
				SWIFT_OPTIMIZATION_LEVEL = "-Owholemodule";
				SWIFT_VERSION = 4.0;
				TARGETED_DEVICE_FAMILY = "1,2";
				VALIDATE_PRODUCT = YES;
			};
			name = Release;
		};
		1ADF292D1E96B0C500731CA5 /* Debug */ = {
			isa = XCBuildConfiguration;
			buildSettings = {
				ASSETCATALOG_COMPILER_APPICON_NAME = AppIcon;
				CODE_SIGN_IDENTITY = "iPhone Developer";
				"CODE_SIGN_IDENTITY[sdk=iphoneos*]" = "iPhone Developer";
				CODE_SIGN_STYLE = Manual;
				DEVELOPMENT_TEAM = "";
				FRAMEWORK_SEARCH_PATHS = (
					"$(inherited)",
					"$(PROJECT_DIR)/ExampleJSON",
				);
				INFOPLIST_FILE = ExampleJSON/Info.plist;
				LD_RUNPATH_SEARCH_PATHS = "$(inherited) @executable_path/Frameworks";
				PRODUCT_BUNDLE_IDENTIFIER = com.test.debug;
				PRODUCT_NAME = "$(TARGET_NAME)";
				PROVISIONING_PROFILE_SPECIFIER = "";
				SWIFT_INCLUDE_PATHS = "";
				SWIFT_SWIFT3_OBJC_INFERENCE = Default;
				SWIFT_VERSION = 4.0;
			};
			name = Debug;
		};
		1ADF292E1E96B0C500731CA5 /* Release */ = {
			isa = XCBuildConfiguration;
			buildSettings = {
				ASSETCATALOG_COMPILER_APPICON_NAME = AppIcon;
				CODE_SIGN_IDENTITY = "iPhone Developer";
				"CODE_SIGN_IDENTITY[sdk=iphoneos*]" = "iPhone Developer";
				CODE_SIGN_STYLE = Manual;
				DEVELOPMENT_TEAM = "";
				FRAMEWORK_SEARCH_PATHS = (
					"$(inherited)",
					"$(PROJECT_DIR)/ExampleJSON",
				);
				INFOPLIST_FILE = ExampleJSON/Info.plist;
				LD_RUNPATH_SEARCH_PATHS = "$(inherited) @executable_path/Frameworks";
				PRODUCT_BUNDLE_IDENTIFIER = com.test.debug;
				PRODUCT_NAME = "$(TARGET_NAME)";
				PROVISIONING_PROFILE_SPECIFIER = "";
				SWIFT_INCLUDE_PATHS = "";
				SWIFT_SWIFT3_OBJC_INFERENCE = Default;
				SWIFT_VERSION = 4.0;
			};
			name = Release;
		};
		1ADF29301E96B0C500731CA5 /* Debug */ = {
			isa = XCBuildConfiguration;
			buildSettings = {
				ALWAYS_EMBED_SWIFT_STANDARD_LIBRARIES = YES;
				BUNDLE_LOADER = "$(TEST_HOST)";
				DEVELOPMENT_TEAM = 5FYJGGB29W;
				FRAMEWORK_SEARCH_PATHS = (
					"$(inherited)",
					"$(PROJECT_DIR)/ExampleJSON",
				);
				INFOPLIST_FILE = ExampleJSONTests/Info.plist;
				LD_RUNPATH_SEARCH_PATHS = "$(inherited) @executable_path/Frameworks @loader_path/Frameworks";
				PRODUCT_BUNDLE_IDENTIFIER = com.perfectrealityappsllc.ExampleJSONTests;
				PRODUCT_NAME = "$(TARGET_NAME)";
				SWIFT_SWIFT3_OBJC_INFERENCE = On;
				SWIFT_VERSION = 4.0;
				TEST_HOST = "$(BUILT_PRODUCTS_DIR)/ExampleJSON.app/ExampleJSON";
			};
			name = Debug;
		};
		1ADF29311E96B0C500731CA5 /* Release */ = {
			isa = XCBuildConfiguration;
			buildSettings = {
				ALWAYS_EMBED_SWIFT_STANDARD_LIBRARIES = YES;
				BUNDLE_LOADER = "$(TEST_HOST)";
				DEVELOPMENT_TEAM = 5FYJGGB29W;
				FRAMEWORK_SEARCH_PATHS = (
					"$(inherited)",
					"$(PROJECT_DIR)/ExampleJSON",
				);
				INFOPLIST_FILE = ExampleJSONTests/Info.plist;
				LD_RUNPATH_SEARCH_PATHS = "$(inherited) @executable_path/Frameworks @loader_path/Frameworks";
				PRODUCT_BUNDLE_IDENTIFIER = com.perfectrealityappsllc.ExampleJSONTests;
				PRODUCT_NAME = "$(TARGET_NAME)";
				SWIFT_SWIFT3_OBJC_INFERENCE = On;
				SWIFT_VERSION = 4.0;
				TEST_HOST = "$(BUILT_PRODUCTS_DIR)/ExampleJSON.app/ExampleJSON";
			};
			name = Release;
		};
/* End XCBuildConfiguration section */

/* Begin XCConfigurationList section */
		1ADF290A1E96B0C400731CA5 /* Build configuration list for PBXProject "ExampleJSON" */ = {
			isa = XCConfigurationList;
			buildConfigurations = (
				1ADF292A1E96B0C500731CA5 /* Debug */,
				1ADF292B1E96B0C500731CA5 /* Release */,
			);
			defaultConfigurationIsVisible = 0;
			defaultConfigurationName = Release;
		};
		1ADF292C1E96B0C500731CA5 /* Build configuration list for PBXNativeTarget "ExampleJSON" */ = {
			isa = XCConfigurationList;
			buildConfigurations = (
				1ADF292D1E96B0C500731CA5 /* Debug */,
				1ADF292E1E96B0C500731CA5 /* Release */,
			);
			defaultConfigurationIsVisible = 0;
			defaultConfigurationName = Release;
		};
		1ADF292F1E96B0C500731CA5 /* Build configuration list for PBXNativeTarget "ExampleJSONTests" */ = {
			isa = XCConfigurationList;
			buildConfigurations = (
				1ADF29301E96B0C500731CA5 /* Debug */,
				1ADF29311E96B0C500731CA5 /* Release */,
			);
			defaultConfigurationIsVisible = 0;
			defaultConfigurationName = Release;
		};
/* End XCConfigurationList section */
	};
	rootObject = 1ADF29071E96B0C400731CA5 /* Project object */;
}
