// !$*UTF8*$!
{
	archiveVersion = 1;
	classes = {
	};
	objectVersion = 46;
	objects = {

/* Begin PBXBuildFile section */
		1A94EA9A1F1EB8E9008EE22E /* AppDelegate.swift in Sources */ = {isa = PBXBuildFile; fileRef = 1A94EA991F1EB8E9008EE22E /* AppDelegate.swift */; };
		1A94EA9C1F1EB8E9008EE22E /* ViewController.swift in Sources */ = {isa = PBXBuildFile; fileRef = 1A94EA9B1F1EB8E9008EE22E /* ViewController.swift */; };
		1A94EA9E1F1EB8E9008EE22E /* Assets.xcassets in Resources */ = {isa = PBXBuildFile; fileRef = 1A94EA9D1F1EB8E9008EE22E /* Assets.xcassets */; };
		1A94EAA11F1EB8E9008EE22E /* Main.storyboard in Resources */ = {isa = PBXBuildFile; fileRef = 1A94EA9F1F1EB8E9008EE22E /* Main.storyboard */; };
		1A94EAAB1F1EB979008EE22E /* JSON.framework in Frameworks */ = {isa = PBXBuildFile; fileRef = 1A94EAAA1F1EB979008EE22E /* JSON.framework */; };
		1A94EAAD1F1EB980008EE22E /* JSON.framework in Embed Frameworks */ = {isa = PBXBuildFile; fileRef = 1A94EAAA1F1EB979008EE22E /* JSON.framework */; settings = {ATTRIBUTES = (CodeSignOnCopy, RemoveHeadersOnCopy, ); }; };
		1A94EAB01F1EBAF8008EE22E /* ClassManager.swift in Sources */ = {isa = PBXBuildFile; fileRef = 1A94EAAF1F1EBAF8008EE22E /* ClassManager.swift */; };
/* End PBXBuildFile section */

/* Begin PBXCopyFilesBuildPhase section */
		1A94EAAE1F1EB980008EE22E /* Embed Frameworks */ = {
			isa = PBXCopyFilesBuildPhase;
			buildActionMask = 2147483647;
			dstPath = "";
			dstSubfolderSpec = 10;
			files = (
				1A94EAAD1F1EB980008EE22E /* JSON.framework in Embed Frameworks */,
			);
			name = "Embed Frameworks";
			runOnlyForDeploymentPostprocessing = 0;
		};
/* End PBXCopyFilesBuildPhase section */

/* Begin PBXFileReference section */
		1A94EA961F1EB8E9008EE22E /* ExampleJSONMacOS.app */ = {isa = PBXFileReference; explicitFileType = wrapper.application; includeInIndex = 0; path = ExampleJSONMacOS.app; sourceTree = BUILT_PRODUCTS_DIR; };
		1A94EA991F1EB8E9008EE22E /* AppDelegate.swift */ = {isa = PBXFileReference; lastKnownFileType = sourcecode.swift; path = AppDelegate.swift; sourceTree = "<group>"; };
		1A94EA9B1F1EB8E9008EE22E /* ViewController.swift */ = {isa = PBXFileReference; lastKnownFileType = sourcecode.swift; path = ViewController.swift; sourceTree = "<group>"; };
		1A94EA9D1F1EB8E9008EE22E /* Assets.xcassets */ = {isa = PBXFileReference; lastKnownFileType = folder.assetcatalog; path = Assets.xcassets; sourceTree = "<group>"; };
		1A94EAA01F1EB8E9008EE22E /* Base */ = {isa = PBXFileReference; lastKnownFileType = file.storyboard; name = Base; path = Base.lproj/Main.storyboard; sourceTree = "<group>"; };
		1A94EAA21F1EB8E9008EE22E /* Info.plist */ = {isa = PBXFileReference; lastKnownFileType = text.plist.xml; path = Info.plist; sourceTree = "<group>"; };
		1A94EAAA1F1EB979008EE22E /* JSON.framework */ = {isa = PBXFileReference; lastKnownFileType = wrapper.framework; path = JSON.framework; sourceTree = "<group>"; };
		1A94EAAF1F1EBAF8008EE22E /* ClassManager.swift */ = {isa = PBXFileReference; fileEncoding = 4; lastKnownFileType = sourcecode.swift; path = ClassManager.swift; sourceTree = "<group>"; };
/* End PBXFileReference section */

/* Begin PBXFrameworksBuildPhase section */
		1A94EA931F1EB8E9008EE22E /* Frameworks */ = {
			isa = PBXFrameworksBuildPhase;
			buildActionMask = 2147483647;
			files = (
				1A94EAAB1F1EB979008EE22E /* JSON.framework in Frameworks */,
			);
			runOnlyForDeploymentPostprocessing = 0;
		};
/* End PBXFrameworksBuildPhase section */

/* Begin PBXGroup section */
		1A94EA8D1F1EB8E9008EE22E = {
			isa = PBXGroup;
			children = (
				1A94EAAA1F1EB979008EE22E /* JSON.framework */,
				1A94EA981F1EB8E9008EE22E /* ExampleJSONMacOS */,
				1A94EA971F1EB8E9008EE22E /* Products */,
			);
			sourceTree = "<group>";
		};
		1A94EA971F1EB8E9008EE22E /* Products */ = {
			isa = PBXGroup;
			children = (
				1A94EA961F1EB8E9008EE22E /* ExampleJSONMacOS.app */,
			);
			name = Products;
			sourceTree = "<group>";
		};
		1A94EA981F1EB8E9008EE22E /* ExampleJSONMacOS */ = {
			isa = PBXGroup;
			children = (
				1A94EA991F1EB8E9008EE22E /* AppDelegate.swift */,
				1A94EAAF1F1EBAF8008EE22E /* ClassManager.swift */,
				1A94EA9B1F1EB8E9008EE22E /* ViewController.swift */,
				1A94EA9D1F1EB8E9008EE22E /* Assets.xcassets */,
				1A94EA9F1F1EB8E9008EE22E /* Main.storyboard */,
				1A94EAA21F1EB8E9008EE22E /* Info.plist */,
			);
			path = ExampleJSONMacOS;
			sourceTree = "<group>";
		};
/* End PBXGroup section */

/* Begin PBXNativeTarget section */
		1A94EA951F1EB8E9008EE22E /* ExampleJSONMacOS */ = {
			isa = PBXNativeTarget;
			buildConfigurationList = 1A94EAA51F1EB8E9008EE22E /* Build configuration list for PBXNativeTarget "ExampleJSONMacOS" */;
			buildPhases = (
				1A94EA921F1EB8E9008EE22E /* Sources */,
				1A94EA931F1EB8E9008EE22E /* Frameworks */,
				1A94EA941F1EB8E9008EE22E /* Resources */,
				1A94EAAE1F1EB980008EE22E /* Embed Frameworks */,
			);
			buildRules = (
			);
			dependencies = (
			);
			name = ExampleJSONMacOS;
			productName = ExampleJSONMacOS;
			productReference = 1A94EA961F1EB8E9008EE22E /* ExampleJSONMacOS.app */;
			productType = "com.apple.product-type.application";
		};
/* End PBXNativeTarget section */

/* Begin PBXProject section */
		1A94EA8E1F1EB8E9008EE22E /* Project object */ = {
			isa = PBXProject;
			attributes = {
				LastSwiftUpdateCheck = 0830;
				LastUpgradeCheck = 0900;
				ORGANIZATIONNAME = "Brandon Gray";
				TargetAttributes = {
					1A94EA951F1EB8E9008EE22E = {
						CreatedOnToolsVersion = 8.3.3;
						ProvisioningStyle = Automatic;
					};
				};
			};
			buildConfigurationList = 1A94EA911F1EB8E9008EE22E /* Build configuration list for PBXProject "ExampleJSONmacOS" */;
			compatibilityVersion = "Xcode 3.2";
			developmentRegion = English;
			hasScannedForEncodings = 0;
			knownRegions = (
				en,
				Base,
			);
			mainGroup = 1A94EA8D1F1EB8E9008EE22E;
			productRefGroup = 1A94EA971F1EB8E9008EE22E /* Products */;
			projectDirPath = "";
			projectRoot = "";
			targets = (
				1A94EA951F1EB8E9008EE22E /* ExampleJSONMacOS */,
			);
		};
/* End PBXProject section */

/* Begin PBXResourcesBuildPhase section */
		1A94EA941F1EB8E9008EE22E /* Resources */ = {
			isa = PBXResourcesBuildPhase;
			buildActionMask = 2147483647;
			files = (
				1A94EA9E1F1EB8E9008EE22E /* Assets.xcassets in Resources */,
				1A94EAA11F1EB8E9008EE22E /* Main.storyboard in Resources */,
			);
			runOnlyForDeploymentPostprocessing = 0;
		};
/* End PBXResourcesBuildPhase section */

/* Begin PBXSourcesBuildPhase section */
		1A94EA921F1EB8E9008EE22E /* Sources */ = {
			isa = PBXSourcesBuildPhase;
			buildActionMask = 2147483647;
			files = (
				1A94EAB01F1EBAF8008EE22E /* ClassManager.swift in Sources */,
				1A94EA9C1F1EB8E9008EE22E /* ViewController.swift in Sources */,
				1A94EA9A1F1EB8E9008EE22E /* AppDelegate.swift in Sources */,
			);
			runOnlyForDeploymentPostprocessing = 0;
		};
/* End PBXSourcesBuildPhase section */

/* Begin PBXVariantGroup section */
		1A94EA9F1F1EB8E9008EE22E /* Main.storyboard */ = {
			isa = PBXVariantGroup;
			children = (
				1A94EAA01F1EB8E9008EE22E /* Base */,
			);
			name = Main.storyboard;
			sourceTree = "<group>";
		};
/* End PBXVariantGroup section */

/* Begin XCBuildConfiguration section */
		1A94EAA31F1EB8E9008EE22E /* Debug */ = {
			isa = XCBuildConfiguration;
			buildSettings = {
				ALWAYS_SEARCH_USER_PATHS = NO;
				CLANG_ANALYZER_NONNULL = YES;
				CLANG_ANALYZER_NUMBER_OBJECT_CONVERSION = YES_AGGRESSIVE;
				CLANG_CXX_LANGUAGE_STANDARD = "gnu++0x";
				CLANG_CXX_LIBRARY = "libc++";
				CLANG_ENABLE_MODULES = YES;
				CLANG_ENABLE_OBJC_ARC = YES;
				CLANG_WARN_BLOCK_CAPTURE_AUTORELEASING = YES;
				CLANG_WARN_BOOL_CONVERSION = YES;
				CLANG_WARN_COMMA = YES;
				CLANG_WARN_CONSTANT_CONVERSION = YES;
				CLANG_WARN_DIRECT_OBJC_ISA_USAGE = YES_ERROR;
				CLANG_WARN_DOCUMENTATION_COMMENTS = YES;
				CLANG_WARN_EMPTY_BODY = YES;
				CLANG_WARN_ENUM_CONVERSION = YES;
				CLANG_WARN_INFINITE_RECURSION = YES;
				CLANG_WARN_INT_CONVERSION = YES;
				CLANG_WARN_NON_LITERAL_NULL_CONVERSION = YES;
				CLANG_WARN_OBJC_LITERAL_CONVERSION = YES;
				CLANG_WARN_OBJC_ROOT_CLASS = YES_ERROR;
				CLANG_WARN_RANGE_LOOP_ANALYSIS = YES;
				CLANG_WARN_STRICT_PROTOTYPES = YES;
				CLANG_WARN_SUSPICIOUS_MOVE = YES;
				CLANG_WARN_UNREACHABLE_CODE = YES;
				CLANG_WARN__DUPLICATE_METHOD_MATCH = YES;
				CODE_SIGN_IDENTITY = "-";
				COPY_PHASE_STRIP = NO;
				DEBUG_INFORMATION_FORMAT = dwarf;
				ENABLE_STRICT_OBJC_MSGSEND = YES;
				ENABLE_TESTABILITY = YES;
				GCC_C_LANGUAGE_STANDARD = gnu99;
				GCC_DYNAMIC_NO_PIC = NO;
				GCC_NO_COMMON_BLOCKS = YES;
				GCC_OPTIMIZATION_LEVEL = 0;
				GCC_PREPROCESSOR_DEFINITIONS = (
					"DEBUG=1",
					"$(inherited)",
				);
				GCC_WARN_64_TO_32_BIT_CONVERSION = YES;
				GCC_WARN_ABOUT_RETURN_TYPE = YES_ERROR;
				GCC_WARN_UNDECLARED_SELECTOR = YES;
				GCC_WARN_UNINITIALIZED_AUTOS = YES_AGGRESSIVE;
				GCC_WARN_UNUSED_FUNCTION = YES;
				GCC_WARN_UNUSED_VARIABLE = YES;
				MACOSX_DEPLOYMENT_TARGET = 10.13;
				MTL_ENABLE_DEBUG_INFO = YES;
				ONLY_ACTIVE_ARCH = YES;
				OTHER_CODE_SIGN_FLAGS = "--deep";
				SDKROOT = macosx;
				SWIFT_ACTIVE_COMPILATION_CONDITIONS = DEBUG;
				SWIFT_OPTIMIZATION_LEVEL = "-Onone";
				SWIFT_VERSION = 4.0;
			};
			name = Debug;
		};
		1A94EAA41F1EB8E9008EE22E /* Release */ = {
			isa = XCBuildConfiguration;
			buildSettings = {
				ALWAYS_SEARCH_USER_PATHS = NO;
				CLANG_ANALYZER_NONNULL = YES;
				CLANG_ANALYZER_NUMBER_OBJECT_CONVERSION = YES_AGGRESSIVE;
				CLANG_CXX_LANGUAGE_STANDARD = "gnu++0x";
				CLANG_CXX_LIBRARY = "libc++";
				CLANG_ENABLE_MODULES = YES;
				CLANG_ENABLE_OBJC_ARC = YES;
				CLANG_WARN_BLOCK_CAPTURE_AUTORELEASING = YES;
				CLANG_WARN_BOOL_CONVERSION = YES;
				CLANG_WARN_COMMA = YES;
				CLANG_WARN_CONSTANT_CONVERSION = YES;
				CLANG_WARN_DIRECT_OBJC_ISA_USAGE = YES_ERROR;
				CLANG_WARN_DOCUMENTATION_COMMENTS = YES;
				CLANG_WARN_EMPTY_BODY = YES;
				CLANG_WARN_ENUM_CONVERSION = YES;
				CLANG_WARN_INFINITE_RECURSION = YES;
				CLANG_WARN_INT_CONVERSION = YES;
				CLANG_WARN_NON_LITERAL_NULL_CONVERSION = YES;
				CLANG_WARN_OBJC_LITERAL_CONVERSION = YES;
				CLANG_WARN_OBJC_ROOT_CLASS = YES_ERROR;
				CLANG_WARN_RANGE_LOOP_ANALYSIS = YES;
				CLANG_WARN_STRICT_PROTOTYPES = YES;
				CLANG_WARN_SUSPICIOUS_MOVE = YES;
				CLANG_WARN_UNREACHABLE_CODE = YES;
				CLANG_WARN__DUPLICATE_METHOD_MATCH = YES;
				CODE_SIGN_IDENTITY = "-";
				COPY_PHASE_STRIP = NO;
				DEBUG_INFORMATION_FORMAT = "dwarf-with-dsym";
				ENABLE_NS_ASSERTIONS = NO;
				ENABLE_STRICT_OBJC_MSGSEND = YES;
				GCC_C_LANGUAGE_STANDARD = gnu99;
				GCC_NO_COMMON_BLOCKS = YES;
				GCC_WARN_64_TO_32_BIT_CONVERSION = YES;
				GCC_WARN_ABOUT_RETURN_TYPE = YES_ERROR;
				GCC_WARN_UNDECLARED_SELECTOR = YES;
				GCC_WARN_UNINITIALIZED_AUTOS = YES_AGGRESSIVE;
				GCC_WARN_UNUSED_FUNCTION = YES;
				GCC_WARN_UNUSED_VARIABLE = YES;
				MACOSX_DEPLOYMENT_TARGET = 10.13;
				MTL_ENABLE_DEBUG_INFO = NO;
				OTHER_CODE_SIGN_FLAGS = "--deep";
				SDKROOT = macosx;
				SWIFT_OPTIMIZATION_LEVEL = "-Owholemodule";
				SWIFT_VERSION = 4.0;
			};
			name = Release;
		};
		1A94EAA61F1EB8E9008EE22E /* Debug */ = {
			isa = XCBuildConfiguration;
			buildSettings = {
				ASSETCATALOG_COMPILER_APPICON_NAME = AppIcon;
				CODE_SIGN_IDENTITY = "";
				COMBINE_HIDPI_IMAGES = YES;
				DEVELOPMENT_TEAM = "";
				FRAMEWORK_SEARCH_PATHS = (
					"$(inherited)",
					"$(PROJECT_DIR)",
				);
				INFOPLIST_FILE = ExampleJSONMacOS/Info.plist;
				LD_RUNPATH_SEARCH_PATHS = "$(inherited) @executable_path/../Frameworks";
				OTHER_CODE_SIGN_FLAGS = "--deep";
				PRODUCT_BUNDLE_IDENTIFIER = com.test.debug;
				PRODUCT_NAME = "$(TARGET_NAME)";
				SWIFT_VERSION = 4.0;
			};
			name = Debug;
		};
		1A94EAA71F1EB8E9008EE22E /* Release */ = {
			isa = XCBuildConfiguration;
			buildSettings = {
				ASSETCATALOG_COMPILER_APPICON_NAME = AppIcon;
				CODE_SIGN_IDENTITY = "";
				COMBINE_HIDPI_IMAGES = YES;
				DEVELOPMENT_TEAM = "";
				FRAMEWORK_SEARCH_PATHS = (
					"$(inherited)",
					"$(PROJECT_DIR)",
				);
				INFOPLIST_FILE = ExampleJSONMacOS/Info.plist;
				LD_RUNPATH_SEARCH_PATHS = "$(inherited) @executable_path/../Frameworks";
				OTHER_CODE_SIGN_FLAGS = "--deep";
				PRODUCT_BUNDLE_IDENTIFIER = com.test.debug;
				PRODUCT_NAME = "$(TARGET_NAME)";
				SWIFT_VERSION = 4.0;
			};
			name = Release;
		};
/* End XCBuildConfiguration section */

/* Begin XCConfigurationList section */
		1A94EA911F1EB8E9008EE22E /* Build configuration list for PBXProject "ExampleJSONmacOS" */ = {
			isa = XCConfigurationList;
			buildConfigurations = (
				1A94EAA31F1EB8E9008EE22E /* Debug */,
				1A94EAA41F1EB8E9008EE22E /* Release */,
			);
			defaultConfigurationIsVisible = 0;
			defaultConfigurationName = Release;
		};
		1A94EAA51F1EB8E9008EE22E /* Build configuration list for PBXNativeTarget "ExampleJSONMacOS" */ = {
			isa = XCConfigurationList;
			buildConfigurations = (
				1A94EAA61F1EB8E9008EE22E /* Debug */,
				1A94EAA71F1EB8E9008EE22E /* Release */,
			);
			defaultConfigurationIsVisible = 0;
			defaultConfigurationName = Release;
		};
/* End XCConfigurationList section */
	};
	rootObject = 1A94EA8E1F1EB8E9008EE22E /* Project object */;
}
